
Microsoft Visual Studio Solution File, Format Version 12.00
# Visual Studio 2013
VisualStudioVersion = 12.0.21005.1
MinimumVisualStudioVersion = 10.0.40219.1
Project("{F184B08F-C81C-45F6-A57F-5ABD9991F28F}") = "SimpleAccounts", "SimpleAccounts\SimpleAccounts.vbproj", "{3857A7E8-E766-4DBF-8BD0-87BC7D945C01}"
	ProjectSection(ProjectDependencies) = postProject
		{4F884F0C-807B-4C1E-9FB7-1FC70D70A320} = {4F884F0C-807B-4C1E-9FB7-1FC70D70A320}
		{C715C998-DA6B-416E-BFBA-DADA3A14C30B} = {C715C998-DA6B-416E-BFBA-DADA3A14C30B}
		{858FA9B9-2331-44D1-9417-2CCBDAE049BF} = {858FA9B9-2331-44D1-9417-2CCBDAE049BF}
		{07954AFF-7E83-4D3D-8DFA-4CCC0E72EF30} = {07954AFF-7E83-4D3D-8DFA-4CCC0E72EF30}
	EndProjectSection
EndProject
Project("{F184B08F-C81C-45F6-A57F-5ABD9991F28F}") = "SBUtility", "SBUtility\SBUtility.vbproj", "{C715C998-DA6B-416E-BFBA-DADA3A14C30B}"
EndProject
Project("{F184B08F-C81C-45F6-A57F-5ABD9991F28F}") = "SBModel", "SBModel\SBModel.vbproj", "{4F884F0C-807B-4C1E-9FB7-1FC70D70A320}"
EndProject
Project("{F184B08F-C81C-45F6-A57F-5ABD9991F28F}") = "SBDal", "SBDal\SBDal.vbproj", "{858FA9B9-2331-44D1-9417-2CCBDAE049BF}"
EndProject
Project("{F184B08F-C81C-45F6-A57F-5ABD9991F28F}") = "UserControls", "USERCONTROLS\UserControls.vbproj", "{251CDF35-8435-483F-9C39-638C3C94A248}"
EndProject
Project("{F184B08F-C81C-45F6-A57F-5ABD9991F28F}") = "SchemaUpdaterV4", "SchemaUpdaterV4\SchemaUpdaterV4.vbproj", "{07954AFF-7E83-4D3D-8DFA-4CCC0E72EF30}"
EndProject
Global
	GlobalSection(SolutionConfigurationPlatforms) = preSolution
		CD_ROM|Any CPU = CD_ROM|Any CPU
		CD_ROM|x64 = CD_ROM|x64
		CD_ROM|x86 = CD_ROM|x86
		Debug|Any CPU = Debug|Any CPU
		Debug|x64 = Debug|x64
		Debug|x86 = Debug|x86
		DVD-5|Any CPU = DVD-5|Any CPU
		DVD-5|x64 = DVD-5|x64
		DVD-5|x86 = DVD-5|x86
		Release|Any CPU = Release|Any CPU
		Release|x64 = Release|x64
		Release|x86 = Release|x86
		SingleImage|Any CPU = SingleImage|Any CPU
		SingleImage|x64 = SingleImage|x64
		SingleImage|x86 = SingleImage|x86
	EndGlobalSection
	GlobalSection(ProjectConfigurationPlatforms) = postSolution
		{3857A7E8-E766-4DBF-8BD0-87BC7D945C01}.CD_ROM|Any CPU.ActiveCfg = Release|Any CPU
		{3857A7E8-E766-4DBF-8BD0-87BC7D945C01}.CD_ROM|Any CPU.Build.0 = Release|Any CPU
		{3857A7E8-E766-4DBF-8BD0-87BC7D945C01}.CD_ROM|x64.ActiveCfg = Release|x64
		{3857A7E8-E766-4DBF-8BD0-87BC7D945C01}.CD_ROM|x64.Build.0 = Release|x64
		{3857A7E8-E766-4DBF-8BD0-87BC7D945C01}.CD_ROM|x86.ActiveCfg = Release|x86
		{3857A7E8-E766-4DBF-8BD0-87BC7D945C01}.CD_ROM|x86.Build.0 = Release|x86
		{3857A7E8-E766-4DBF-8BD0-87BC7D945C01}.Debug|Any CPU.ActiveCfg = Debug|Any CPU
		{3857A7E8-E766-4DBF-8BD0-87BC7D945C01}.Debug|Any CPU.Build.0 = Debug|Any CPU
		{3857A7E8-E766-4DBF-8BD0-87BC7D945C01}.Debug|x64.ActiveCfg = Debug|x64
		{3857A7E8-E766-4DBF-8BD0-87BC7D945C01}.Debug|x64.Build.0 = Debug|x64
		{3857A7E8-E766-4DBF-8BD0-87BC7D945C01}.Debug|x86.ActiveCfg = Debug|x86
		{3857A7E8-E766-4DBF-8BD0-87BC7D945C01}.Debug|x86.Build.0 = Debug|x86
		{3857A7E8-E766-4DBF-8BD0-87BC7D945C01}.DVD-5|Any CPU.ActiveCfg = Debug|Any CPU
		{3857A7E8-E766-4DBF-8BD0-87BC7D945C01}.DVD-5|Any CPU.Build.0 = Debug|Any CPU
		{3857A7E8-E766-4DBF-8BD0-87BC7D945C01}.DVD-5|x64.ActiveCfg = Debug|x64
		{3857A7E8-E766-4DBF-8BD0-87BC7D945C01}.DVD-5|x64.Build.0 = Debug|x64
		{3857A7E8-E766-4DBF-8BD0-87BC7D945C01}.DVD-5|x86.ActiveCfg = Debug|x86
		{3857A7E8-E766-4DBF-8BD0-87BC7D945C01}.DVD-5|x86.Build.0 = Debug|x86
		{3857A7E8-E766-4DBF-8BD0-87BC7D945C01}.Release|Any CPU.ActiveCfg = Release|Any CPU
		{3857A7E8-E766-4DBF-8BD0-87BC7D945C01}.Release|Any CPU.Build.0 = Release|Any CPU
		{3857A7E8-E766-4DBF-8BD0-87BC7D945C01}.Release|x64.ActiveCfg = Release|x64
		{3857A7E8-E766-4DBF-8BD0-87BC7D945C01}.Release|x64.Build.0 = Release|x64
		{3857A7E8-E766-4DBF-8BD0-87BC7D945C01}.Release|x86.ActiveCfg = Release|x86
		{3857A7E8-E766-4DBF-8BD0-87BC7D945C01}.Release|x86.Build.0 = Release|x86
		{3857A7E8-E766-4DBF-8BD0-87BC7D945C01}.SingleImage|Any CPU.ActiveCfg = Release|Any CPU
		{3857A7E8-E766-4DBF-8BD0-87BC7D945C01}.SingleImage|Any CPU.Build.0 = Release|Any CPU
		{3857A7E8-E766-4DBF-8BD0-87BC7D945C01}.SingleImage|x64.ActiveCfg = Release|x64
		{3857A7E8-E766-4DBF-8BD0-87BC7D945C01}.SingleImage|x64.Build.0 = Release|x64
		{3857A7E8-E766-4DBF-8BD0-87BC7D945C01}.SingleImage|x86.ActiveCfg = Release|x86
		{3857A7E8-E766-4DBF-8BD0-87BC7D945C01}.SingleImage|x86.Build.0 = Release|x86
		{C715C998-DA6B-416E-BFBA-DADA3A14C30B}.CD_ROM|Any CPU.ActiveCfg = Release|Any CPU
		{C715C998-DA6B-416E-BFBA-DADA3A14C30B}.CD_ROM|Any CPU.Build.0 = Release|Any CPU
		{C715C998-DA6B-416E-BFBA-DADA3A14C30B}.CD_ROM|x64.ActiveCfg = Release|Any CPU
		{C715C998-DA6B-416E-BFBA-DADA3A14C30B}.CD_ROM|x86.ActiveCfg = Release|x86
		{C715C998-DA6B-416E-BFBA-DADA3A14C30B}.CD_ROM|x86.Build.0 = Release|x86
		{C715C998-DA6B-416E-BFBA-DADA3A14C30B}.Debug|Any CPU.ActiveCfg = Debug|Any CPU
		{C715C998-DA6B-416E-BFBA-DADA3A14C30B}.Debug|Any CPU.Build.0 = Debug|Any CPU
		{C715C998-DA6B-416E-BFBA-DADA3A14C30B}.Debug|x64.ActiveCfg = Debug|x64
		{C715C998-DA6B-416E-BFBA-DADA3A14C30B}.Debug|x64.Build.0 = Debug|x64
		{C715C998-DA6B-416E-BFBA-DADA3A14C30B}.Debug|x86.ActiveCfg = Debug|x86
		{C715C998-DA6B-416E-BFBA-DADA3A14C30B}.Debug|x86.Build.0 = Debug|x86
		{C715C998-DA6B-416E-BFBA-DADA3A14C30B}.DVD-5|Any CPU.ActiveCfg = Debug|Any CPU
		{C715C998-DA6B-416E-BFBA-DADA3A14C30B}.DVD-5|Any CPU.Build.0 = Debug|Any CPU
		{C715C998-DA6B-416E-BFBA-DADA3A14C30B}.DVD-5|x64.ActiveCfg = Debug|Any CPU
		{C715C998-DA6B-416E-BFBA-DADA3A14C30B}.DVD-5|x86.ActiveCfg = Debug|x86
		{C715C998-DA6B-416E-BFBA-DADA3A14C30B}.DVD-5|x86.Build.0 = Debug|x86
		{C715C998-DA6B-416E-BFBA-DADA3A14C30B}.Release|Any CPU.ActiveCfg = Release|Any CPU
		{C715C998-DA6B-416E-BFBA-DADA3A14C30B}.Release|Any CPU.Build.0 = Release|Any CPU
		{C715C998-DA6B-416E-BFBA-DADA3A14C30B}.Release|x64.ActiveCfg = Release|x86
		{C715C998-DA6B-416E-BFBA-DADA3A14C30B}.Release|x86.ActiveCfg = Release|x86
		{C715C998-DA6B-416E-BFBA-DADA3A14C30B}.Release|x86.Build.0 = Release|x86
		{C715C998-DA6B-416E-BFBA-DADA3A14C30B}.SingleImage|Any CPU.ActiveCfg = Release|Any CPU
		{C715C998-DA6B-416E-BFBA-DADA3A14C30B}.SingleImage|Any CPU.Build.0 = Release|Any CPU
		{C715C998-DA6B-416E-BFBA-DADA3A14C30B}.SingleImage|x64.ActiveCfg = Release|Any CPU
		{C715C998-DA6B-416E-BFBA-DADA3A14C30B}.SingleImage|x86.ActiveCfg = Release|x86
		{C715C998-DA6B-416E-BFBA-DADA3A14C30B}.SingleImage|x86.Build.0 = Release|x86
		{4F884F0C-807B-4C1E-9FB7-1FC70D70A320}.CD_ROM|Any CPU.ActiveCfg = Release|Any CPU
		{4F884F0C-807B-4C1E-9FB7-1FC70D70A320}.CD_ROM|Any CPU.Build.0 = Release|Any CPU
		{4F884F0C-807B-4C1E-9FB7-1FC70D70A320}.CD_ROM|x64.ActiveCfg = Release|Any CPU
		{4F884F0C-807B-4C1E-9FB7-1FC70D70A320}.CD_ROM|x86.ActiveCfg = Release|x86
		{4F884F0C-807B-4C1E-9FB7-1FC70D70A320}.CD_ROM|x86.Build.0 = Release|x86
		{4F884F0C-807B-4C1E-9FB7-1FC70D70A320}.Debug|Any CPU.ActiveCfg = Debug|Any CPU
		{4F884F0C-807B-4C1E-9FB7-1FC70D70A320}.Debug|Any CPU.Build.0 = Debug|Any CPU
		{4F884F0C-807B-4C1E-9FB7-1FC70D70A320}.Debug|x64.ActiveCfg = Debug|Any CPU
		{4F884F0C-807B-4C1E-9FB7-1FC70D70A320}.Debug|x86.ActiveCfg = Debug|x86
		{4F884F0C-807B-4C1E-9FB7-1FC70D70A320}.Debug|x86.Build.0 = Debug|x86
		{4F884F0C-807B-4C1E-9FB7-1FC70D70A320}.DVD-5|Any CPU.ActiveCfg = Debug|Any CPU
		{4F884F0C-807B-4C1E-9FB7-1FC70D70A320}.DVD-5|Any CPU.Build.0 = Debug|Any CPU
		{4F884F0C-807B-4C1E-9FB7-1FC70D70A320}.DVD-5|x64.ActiveCfg = Debug|Any CPU
		{4F884F0C-807B-4C1E-9FB7-1FC70D70A320}.DVD-5|x86.ActiveCfg = Debug|x86
		{4F884F0C-807B-4C1E-9FB7-1FC70D70A320}.DVD-5|x86.Build.0 = Debug|x86
		{4F884F0C-807B-4C1E-9FB7-1FC70D70A320}.Release|Any CPU.ActiveCfg = Release|Any CPU
		{4F884F0C-807B-4C1E-9FB7-1FC70D70A320}.Release|Any CPU.Build.0 = Release|Any CPU
		{4F884F0C-807B-4C1E-9FB7-1FC70D70A320}.Release|x64.ActiveCfg = Release|x86
		{4F884F0C-807B-4C1E-9FB7-1FC70D70A320}.Release|x86.ActiveCfg = Release|x86
		{4F884F0C-807B-4C1E-9FB7-1FC70D70A320}.Release|x86.Build.0 = Release|x86
		{4F884F0C-807B-4C1E-9FB7-1FC70D70A320}.SingleImage|Any CPU.ActiveCfg = Release|Any CPU
		{4F884F0C-807B-4C1E-9FB7-1FC70D70A320}.SingleImage|Any CPU.Build.0 = Release|Any CPU
		{4F884F0C-807B-4C1E-9FB7-1FC70D70A320}.SingleImage|x64.ActiveCfg = Release|Any CPU
		{4F884F0C-807B-4C1E-9FB7-1FC70D70A320}.SingleImage|x86.ActiveCfg = Release|x86
		{4F884F0C-807B-4C1E-9FB7-1FC70D70A320}.SingleImage|x86.Build.0 = Release|x86
		{858FA9B9-2331-44D1-9417-2CCBDAE049BF}.CD_ROM|Any CPU.ActiveCfg = Release|Any CPU
		{858FA9B9-2331-44D1-9417-2CCBDAE049BF}.CD_ROM|Any CPU.Build.0 = Release|Any CPU
		{858FA9B9-2331-44D1-9417-2CCBDAE049BF}.CD_ROM|x64.ActiveCfg = Release|Any CPU
		{858FA9B9-2331-44D1-9417-2CCBDAE049BF}.CD_ROM|x86.ActiveCfg = Release|x86
		{858FA9B9-2331-44D1-9417-2CCBDAE049BF}.CD_ROM|x86.Build.0 = Release|x86
		{858FA9B9-2331-44D1-9417-2CCBDAE049BF}.Debug|Any CPU.ActiveCfg = Debug|Any CPU
		{858FA9B9-2331-44D1-9417-2CCBDAE049BF}.Debug|Any CPU.Build.0 = Debug|Any CPU
		{858FA9B9-2331-44D1-9417-2CCBDAE049BF}.Debug|x64.ActiveCfg = Debug|x64
		{858FA9B9-2331-44D1-9417-2CCBDAE049BF}.Debug|x64.Build.0 = Debug|x64
		{858FA9B9-2331-44D1-9417-2CCBDAE049BF}.Debug|x86.ActiveCfg = Debug|x86
		{858FA9B9-2331-44D1-9417-2CCBDAE049BF}.Debug|x86.Build.0 = Debug|x86
		{858FA9B9-2331-44D1-9417-2CCBDAE049BF}.DVD-5|Any CPU.ActiveCfg = Debug|Any CPU
		{858FA9B9-2331-44D1-9417-2CCBDAE049BF}.DVD-5|Any CPU.Build.0 = Debug|Any CPU
		{858FA9B9-2331-44D1-9417-2CCBDAE049BF}.DVD-5|x64.ActiveCfg = Debug|Any CPU
		{858FA9B9-2331-44D1-9417-2CCBDAE049BF}.DVD-5|x86.ActiveCfg = Debug|x86
		{858FA9B9-2331-44D1-9417-2CCBDAE049BF}.DVD-5|x86.Build.0 = Debug|x86
		{858FA9B9-2331-44D1-9417-2CCBDAE049BF}.Release|Any CPU.ActiveCfg = Release|Any CPU
		{858FA9B9-2331-44D1-9417-2CCBDAE049BF}.Release|Any CPU.Build.0 = Release|Any CPU
		{858FA9B9-2331-44D1-9417-2CCBDAE049BF}.Release|x64.ActiveCfg = Release|x86
		{858FA9B9-2331-44D1-9417-2CCBDAE049BF}.Release|x86.ActiveCfg = Release|x86
		{858FA9B9-2331-44D1-9417-2CCBDAE049BF}.Release|x86.Build.0 = Release|x86
		{858FA9B9-2331-44D1-9417-2CCBDAE049BF}.SingleImage|Any CPU.ActiveCfg = Release|Any CPU
		{858FA9B9-2331-44D1-9417-2CCBDAE049BF}.SingleImage|Any CPU.Build.0 = Release|Any CPU
		{858FA9B9-2331-44D1-9417-2CCBDAE049BF}.SingleImage|x64.ActiveCfg = Release|Any CPU
		{858FA9B9-2331-44D1-9417-2CCBDAE049BF}.SingleImage|x86.ActiveCfg = Release|x86
		{858FA9B9-2331-44D1-9417-2CCBDAE049BF}.SingleImage|x86.Build.0 = Release|x86
		{251CDF35-8435-483F-9C39-638C3C94A248}.CD_ROM|Any CPU.ActiveCfg = Release|Any CPU
		{251CDF35-8435-483F-9C39-638C3C94A248}.CD_ROM|Any CPU.Build.0 = Release|Any CPU
		{251CDF35-8435-483F-9C39-638C3C94A248}.CD_ROM|x64.ActiveCfg = Release|Any CPU
		{251CDF35-8435-483F-9C39-638C3C94A248}.CD_ROM|x86.ActiveCfg = Release|x86
		{251CDF35-8435-483F-9C39-638C3C94A248}.CD_ROM|x86.Build.0 = Release|x86
		{251CDF35-8435-483F-9C39-638C3C94A248}.Debug|Any CPU.ActiveCfg = Debug|Any CPU
		{251CDF35-8435-483F-9C39-638C3C94A248}.Debug|x64.ActiveCfg = Debug|x86
		{251CDF35-8435-483F-9C39-638C3C94A248}.Debug|x86.ActiveCfg = Debug|x86
		{251CDF35-8435-483F-9C39-638C3C94A248}.Debug|x86.Build.0 = Debug|x86
		{251CDF35-8435-483F-9C39-638C3C94A248}.DVD-5|Any CPU.ActiveCfg = Debug|Any CPU
		{251CDF35-8435-483F-9C39-638C3C94A248}.DVD-5|Any CPU.Build.0 = Debug|Any CPU
		{251CDF35-8435-483F-9C39-638C3C94A248}.DVD-5|x64.ActiveCfg = Debug|Any CPU
		{251CDF35-8435-483F-9C39-638C3C94A248}.DVD-5|x86.ActiveCfg = Debug|x86
		{251CDF35-8435-483F-9C39-638C3C94A248}.DVD-5|x86.Build.0 = Debug|x86
		{251CDF35-8435-483F-9C39-638C3C94A248}.Release|Any CPU.ActiveCfg = Release|Any CPU
		{251CDF35-8435-483F-9C39-638C3C94A248}.Release|Any CPU.Build.0 = Release|Any CPU
		{251CDF35-8435-483F-9C39-638C3C94A248}.Release|x64.ActiveCfg = Release|x86
		{251CDF35-8435-483F-9C39-638C3C94A248}.Release|x86.ActiveCfg = Release|x86
		{251CDF35-8435-483F-9C39-638C3C94A248}.Release|x86.Build.0 = Release|x86
		{251CDF35-8435-483F-9C39-638C3C94A248}.SingleImage|Any CPU.ActiveCfg = Release|Any CPU
		{251CDF35-8435-483F-9C39-638C3C94A248}.SingleImage|Any CPU.Build.0 = Release|Any CPU
		{251CDF35-8435-483F-9C39-638C3C94A248}.SingleImage|x64.ActiveCfg = Release|Any CPU
		{251CDF35-8435-483F-9C39-638C3C94A248}.SingleImage|x86.ActiveCfg = Release|x86
		{251CDF35-8435-483F-9C39-638C3C94A248}.SingleImage|x86.Build.0 = Release|x86
		{07954AFF-7E83-4D3D-8DFA-4CCC0E72EF30}.CD_ROM|Any CPU.ActiveCfg = Release|Any CPU
		{07954AFF-7E83-4D3D-8DFA-4CCC0E72EF30}.CD_ROM|Any CPU.Build.0 = Release|Any CPU
		{07954AFF-7E83-4D3D-8DFA-4CCC0E72EF30}.CD_ROM|x64.ActiveCfg = Release|Any CPU
		{07954AFF-7E83-4D3D-8DFA-4CCC0E72EF30}.CD_ROM|x86.ActiveCfg = Release|Any CPU
		{07954AFF-7E83-4D3D-8DFA-4CCC0E72EF30}.Debug|Any CPU.ActiveCfg = Debug|Any CPU
		{07954AFF-7E83-4D3D-8DFA-4CCC0E72EF30}.Debug|Any CPU.Build.0 = Debug|Any CPU
		{07954AFF-7E83-4D3D-8DFA-4CCC0E72EF30}.Debug|x64.ActiveCfg = Debug|Any CPU
		{07954AFF-7E83-4D3D-8DFA-4CCC0E72EF30}.Debug|x86.ActiveCfg = Debug|Any CPU
		{07954AFF-7E83-4D3D-8DFA-4CCC0E72EF30}.DVD-5|Any CPU.ActiveCfg = Debug|Any CPU
		{07954AFF-7E83-4D3D-8DFA-4CCC0E72EF30}.DVD-5|Any CPU.Build.0 = Debug|Any CPU
		{07954AFF-7E83-4D3D-8DFA-4CCC0E72EF30}.DVD-5|x64.ActiveCfg = Debug|Any CPU
		{07954AFF-7E83-4D3D-8DFA-4CCC0E72EF30}.DVD-5|x86.ActiveCfg = Debug|Any CPU
		{07954AFF-7E83-4D3D-8DFA-4CCC0E72EF30}.Release|Any CPU.ActiveCfg = Release|Any CPU
		{07954AFF-7E83-4D3D-8DFA-4CCC0E72EF30}.Release|Any CPU.Build.0 = Release|Any CPU
		{07954AFF-7E83-4D3D-8DFA-4CCC0E72EF30}.Release|x64.ActiveCfg = Release|Any CPU
		{07954AFF-7E83-4D3D-8DFA-4CCC0E72EF30}.Release|x86.ActiveCfg = Release|Any CPU
		{07954AFF-7E83-4D3D-8DFA-4CCC0E72EF30}.SingleImage|Any CPU.ActiveCfg = Release|Any CPU
		{07954AFF-7E83-4D3D-8DFA-4CCC0E72EF30}.SingleImage|Any CPU.Build.0 = Release|Any CPU
		{07954AFF-7E83-4D3D-8DFA-4CCC0E72EF30}.SingleImage|x64.ActiveCfg = Release|Any CPU
		{07954AFF-7E83-4D3D-8DFA-4CCC0E72EF30}.SingleImage|x86.ActiveCfg = Release|Any CPU
	EndGlobalSection
	GlobalSection(SolutionProperties) = preSolution
		HideSolutionNode = FALSE
	EndGlobalSection
EndGlobal
